
Microsoft Visual Studio Solution File, Format Version 12.00
# Visual Studio Version 17
VisualStudioVersion = 17.0.31903.59
MinimumVisualStudioVersion = 10.0.40219.1
Project("{FAE04EC0-301F-11D3-BF4B-00C04F79EFBC}") = "Abyx.SharePoint.Lists.Ingestor", "Abyx.SharePoint.Lists.Ingestor\Abyx.SharePoint.Lists.Ingestor.csproj", "{37B2B939-BA9B-4184-973D-2035B219458E}"
EndProject
Project("{FAE04EC0-301F-11D3-BF4B-00C04F79EFBC}") = "Abyx.Ai.Api", "Abyx.Ai.Api\Abyx.Ai.Api.csproj", "{A58D0F37-7BBA-4952-AD8C-D114A3CA546B}"
EndProject
Global
	GlobalSection(SolutionConfigurationPlatforms) = preSolution
		Debug|Any CPU = Debug|Any CPU
		Debug|x64 = Debug|x64
		Debug|x86 = Debug|x86
		Release|Any CPU = Release|Any CPU
		Release|x64 = Release|x64
		Release|x86 = Release|x86
	EndGlobalSection
	GlobalSection(ProjectConfigurationPlatforms) = postSolution
		{37B2B939-BA9B-4184-973D-2035B219458E}.Debug|Any CPU.ActiveCfg = Debug|Any CPU
		{37B2B939-BA9B-4184-973D-2035B219458E}.Debug|Any CPU.Build.0 = Debug|Any CPU
		{37B2B939-BA9B-4184-973D-2035B219458E}.Debug|x64.ActiveCfg = Debug|Any CPU
		{37B2B939-BA9B-4184-973D-2035B219458E}.Debug|x64.Build.0 = Debug|Any CPU
		{37B2B939-BA9B-4184-973D-2035B219458E}.Debug|x86.ActiveCfg = Debug|Any CPU
		{37B2B939-BA9B-4184-973D-2035B219458E}.Debug|x86.Build.0 = Debug|Any CPU
		{37B2B939-BA9B-4184-973D-2035B219458E}.Release|Any CPU.ActiveCfg = Release|Any CPU
		{37B2B939-BA9B-4184-973D-2035B219458E}.Release|Any CPU.Build.0 = Release|Any CPU
		{37B2B939-BA9B-4184-973D-2035B219458E}.Release|x64.ActiveCfg = Release|Any CPU
		{37B2B939-BA9B-4184-973D-2035B219458E}.Release|x64.Build.0 = Release|Any CPU
		{37B2B939-BA9B-4184-973D-2035B219458E}.Release|x86.ActiveCfg = Release|Any CPU
		{37B2B939-BA9B-4184-973D-2035B219458E}.Release|x86.Build.0 = Release|Any CPU
		{A58D0F37-7BBA-4952-AD8C-D114A3CA546B}.Debug|Any CPU.ActiveCfg = Debug|Any CPU
		{A58D0F37-7BBA-4952-AD8C-D114A3CA546B}.Debug|Any CPU.Build.0 = Debug|Any CPU
		{A58D0F37-7BBA-4952-AD8C-D114A3CA546B}.Debug|x64.ActiveCfg = Debug|Any CPU
		{A58D0F37-7BBA-4952-AD8C-D114A3CA546B}.Debug|x64.Build.0 = Debug|Any CPU
		{A58D0F37-7BBA-4952-AD8C-D114A3CA546B}.Debug|x86.ActiveCfg = Debug|Any CPU
		{A58D0F37-7BBA-4952-AD8C-D114A3CA546B}.Debug|x86.Build.0 = Debug|Any CPU
		{A58D0F37-7BBA-4952-AD8C-D114A3CA546B}.Release|Any CPU.ActiveCfg = Release|Any CPU
		{A58D0F37-7BBA-4952-AD8C-D114A3CA546B}.Release|Any CPU.Build.0 = Release|Any CPU
		{A58D0F37-7BBA-4952-AD8C-D114A3CA546B}.Release|x64.ActiveCfg = Release|Any CPU
		{A58D0F37-7BBA-4952-AD8C-D114A3CA546B}.Release|x64.Build.0 = Release|Any CPU
		{A58D0F37-7BBA-4952-AD8C-D114A3CA546B}.Release|x86.ActiveCfg = Release|Any CPU
		{A58D0F37-7BBA-4952-AD8C-D114A3CA546B}.Release|x86.Build.0 = Release|Any CPU
	EndGlobalSection
	GlobalSection(SolutionProperties) = preSolution
		HideSolutionNode = FALSE
	EndGlobalSection
EndGlobal
